
Microsoft Visual Studio Solution File, Format Version 12.00
# Visual Studio Version 17
VisualStudioVersion = 17.6.33829.357
MinimumVisualStudioVersion = 10.0.40219.1
Project("{FAE04EC0-301F-11D3-BF4B-00C04F79EFBC}") = "Interview_Assignment_Task", "Interview_Assignment_Task.csproj", "{1D17AB69-8184-4B86-8F74-EF3ADF0D1C3B}"
EndProject
Global
	GlobalSection(SolutionConfigurationPlatforms) = preSolution
		Debug|Any CPU = Debug|Any CPU
		Release|Any CPU = Release|Any CPU
	EndGlobalSection
	GlobalSection(ProjectConfigurationPlatforms) = postSolution
		{1D17AB69-8184-4B86-8F74-EF3ADF0D1C3B}.Debug|Any CPU.ActiveCfg = Debug|Any CPU
		{1D17AB69-8184-4B86-8F74-EF3ADF0D1C3B}.Debug|Any CPU.Build.0 = Debug|Any CPU
		{1D17AB69-8184-4B86-8F74-EF3ADF0D1C3B}.Release|Any CPU.ActiveCfg = Release|Any CPU
		{1D17AB69-8184-4B86-8F74-EF3ADF0D1C3B}.Release|Any CPU.Build.0 = Release|Any CPU
	EndGlobalSection
	GlobalSection(SolutionProperties) = preSolution
		HideSolutionNode = FALSE
	EndGlobalSection
	GlobalSection(ExtensibilityGlobals) = postSolution
		SolutionGuid = {E2E3D912-48AD-41FA-B7A5-57CC1A4A0103}
	EndGlobalSection
EndGlobal
